PODS:
  - ActiveLabel (1.1.5)
  - FLAnimatedImage (1.0.17)
  - IQKeyboardManagerSwift (6.5.12)
  - KUIPopOver (1.1.2)
  - Loaf (0.7.0)
  - ReachabilitySwift (4.3.1)
  - RewardzCommonComponents (0.0.6):
    - KUIPopOver (= 1.1.2)
  - SDWebImage (5.1.0):
    - SDWebImage/Core (= 5.1.0)
  - SDWebImage/Core (5.1.0)
  - SimpleCheckbox (2.1.0)

DEPENDENCIES:
  - ActiveLabel (from `https://github.com/ankits1626/ActiveLabel.swift`, branch `CFF_Customizations`)
  - FLAnimatedImage (~> 1.0)
  - IQKeyboardManagerSwift
  - KUIPopOver (= 1.1.2)
  - Loaf
  - ReachabilitySwift (= 4.3.1)
  - RewardzCommonComponents (from `https://github.com/ankits1626/RewardzCommonComponents.git`, branch `dev`)
  - SDWebImage (= 5.1.0)
  - SimpleCheckbox

SPEC REPOS:
  trunk:
    - FLAnimatedImage
    - IQKeyboardManagerSwift
    - KUIPopOver
    - Loaf
    - ReachabilitySwift
    - SDWebImage
    - SimpleCheckbox

EXTERNAL SOURCES:
  ActiveLabel:
    :branch: CFF_Customizations
    :git: https://github.com/ankits1626/ActiveLabel.swift
  RewardzCommonComponents:
    :branch: dev
    :git: https://github.com/ankits1626/RewardzCommonComponents.git

CHECKOUT OPTIONS:
  ActiveLabel:
    :commit: ea733162acf07eded0c7e79affcf5d85fdddab11
    :git: https://github.com/ankits1626/ActiveLabel.swift
  RewardzCommonComponents:
    :commit: 43c62945cd7c99570e673489e3351dfebc94d00a
    :git: https://github.com/ankits1626/RewardzCommonComponents.git

SPEC CHECKSUMS:
  ActiveLabel: d757b2404064bc63127c25c1a6beab0ca578bbaa
  FLAnimatedImage: bbf914596368867157cc71b38a8ec834b3eeb32b
  IQKeyboardManagerSwift: 371b08cb39664fb56030f5345c815a4ffc74bbc0
  KUIPopOver: fc7ccb3c1c1ada51f5251477a7993ec452e3eefb
  Loaf: d69937cd00649f3fa260beb8b7aef0a1feb861ef
  ReachabilitySwift: 4032e2f59586e11e3b0ebe15b167abdd587a388b
  RewardzCommonComponents: c279b08e35926d5c8685a00185fb7f85d986407b
  SDWebImage: fb387001955223213dde14bc08c8b73f371f8d8f
  SimpleCheckbox: ddcd433ab8c3a8f57300bebda13151a8f302c7f9

PODFILE CHECKSUM: 4a2099aab919de649aef8bfa7454b41e1109cb6f

COCOAPODS: 1.11.3
