// !$*UTF8*$!
{
	archiveVersion = 1;
	classes = {
	};
	objectVersion = 50;
	objects = {

/* Begin PBXBuildFile section */
		9811DCFF241A82F8003B91FD /* FeedEditorLocalMediaCollectionCoordinator.swift in Sources */ = {isa = PBXBuildFile; fileRef = 9811DCFE241A82F8003B91FD /* FeedEditorLocalMediaCollectionCoordinator.swift */; };
		9811DD02241A885F003B91FD /* PostCoordinator.swift in Sources */ = {isa = PBXBuildFile; fileRef = 9811DD01241A885F003B91FD /* PostCoordinator.swift */; };
		9811DD05241A9ECB003B91FD /* BlockButton.swift in Sources */ = {isa = PBXBuildFile; fileRef = 9811DD04241A9ECB003B91FD /* BlockButton.swift */; };
		9811DD1A241AB3B2003B91FD /* APIRequestModel.swift in Sources */ = {isa = PBXBuildFile; fileRef = 9811DD15241AB3B2003B91FD /* APIRequestModel.swift */; };
		9811DD1B241AB3B2003B91FD /* APIWorker.swift in Sources */ = {isa = PBXBuildFile; fileRef = 9811DD16241AB3B2003B91FD /* APIWorker.swift */; };
		9811DD1C241AB3B2003B91FD /* URLGenerator.swift in Sources */ = {isa = PBXBuildFile; fileRef = 9811DD17241AB3B2003B91FD /* URLGenerator.swift */; };
		9811DD1D241AB3B2003B91FD /* UnauthorizedHandler.swift in Sources */ = {isa = PBXBuildFile; fileRef = 9811DD18241AB3B2003B91FD /* UnauthorizedHandler.swift */; };
		9811DD52241AC5E5003B91FD /* UIDevice+Extension.swift in Sources */ = {isa = PBXBuildFile; fileRef = 9811DD51241AC5E5003B91FD /* UIDevice+Extension.swift */; };
		9811DD55241AC860003B91FD /* FeedFetcher.swift in Sources */ = {isa = PBXBuildFile; fileRef = 9811DD54241AC860003B91FD /* FeedFetcher.swift */; };
		983500EE2419FDA0009084D4 /* PostEditorViewController.swift in Sources */ = {isa = PBXBuildFile; fileRef = 983500EC2419FDA0009084D4 /* PostEditorViewController.swift */; };
		983500EF2419FDA0009084D4 /* PostEditorViewController.xib in Resources */ = {isa = PBXBuildFile; fileRef = 983500ED2419FDA0009084D4 /* PostEditorViewController.xib */; };
		983500F22419FDB1009084D4 /* PollEditorViewController.swift in Sources */ = {isa = PBXBuildFile; fileRef = 983500F02419FDB1009084D4 /* PollEditorViewController.swift */; };
		983500F32419FDB1009084D4 /* PollEditorViewController.xib in Resources */ = {isa = PBXBuildFile; fileRef = 983500F12419FDB1009084D4 /* PollEditorViewController.xib */; };
		983500F6241A0041009084D4 /* EditorContainerProtocol.swift in Sources */ = {isa = PBXBuildFile; fileRef = 983500F5241A0041009084D4 /* EditorContainerProtocol.swift */; };
		9868BFEF240EA5CB00B12321 /* FeedsItemProtocol.swift in Sources */ = {isa = PBXBuildFile; fileRef = 9868BFEE240EA5CB00B12321 /* FeedsItemProtocol.swift */; };
		9868BFF5240EAFCE00B12321 /* CommonCellCoordinatorProtocol.swift in Sources */ = {isa = PBXBuildFile; fileRef = 9868BFF4240EAFCE00B12321 /* CommonCellCoordinatorProtocol.swift */; };
		9868BFF7240EC2FB00B12321 /* CommonTableCollection.swift in Sources */ = {isa = PBXBuildFile; fileRef = 9868BFF6240EC2FB00B12321 /* CommonTableCollection.swift */; };
		9868C000240F585900B12321 /* Feeds.swift in Sources */ = {isa = PBXBuildFile; fileRef = 9868BFFF240F585900B12321 /* Feeds.swift */; };
		9868C005240F660300B12321 /* CommonCellFactory.swift in Sources */ = {isa = PBXBuildFile; fileRef = 9868C004240F660300B12321 /* CommonCellFactory.swift */; };
		9868C012240F778100B12321 /* FeedTopTableViewCell.swift in Sources */ = {isa = PBXBuildFile; fileRef = 9868C010240F778100B12321 /* FeedTopTableViewCell.swift */; };
		9868C013240F778100B12321 /* FeedTopTableViewCell.xib in Resources */ = {isa = PBXBuildFile; fileRef = 9868C011240F778100B12321 /* FeedTopTableViewCell.xib */; };
		9868C016240F786600B12321 /* FeedTitleTableViewCell.swift in Sources */ = {isa = PBXBuildFile; fileRef = 9868C014240F786600B12321 /* FeedTitleTableViewCell.swift */; };
		9868C017240F786600B12321 /* FeedTitleTableViewCell.xib in Resources */ = {isa = PBXBuildFile; fileRef = 9868C015240F786600B12321 /* FeedTitleTableViewCell.xib */; };
		9868C01A240F78E500B12321 /* FeedTextTableViewCell.swift in Sources */ = {isa = PBXBuildFile; fileRef = 9868C018240F78E500B12321 /* FeedTextTableViewCell.swift */; };
		9868C01B240F78E500B12321 /* FeedTextTableViewCell.xib in Resources */ = {isa = PBXBuildFile; fileRef = 9868C019240F78E500B12321 /* FeedTextTableViewCell.xib */; };
		9868C027240F799200B12321 /* SingleImageTableViewCell.swift in Sources */ = {isa = PBXBuildFile; fileRef = 9868C025240F799200B12321 /* SingleImageTableViewCell.swift */; };
		9868C028240F799200B12321 /* SingleImageTableViewCell.xib in Resources */ = {isa = PBXBuildFile; fileRef = 9868C026240F799200B12321 /* SingleImageTableViewCell.xib */; };
		9868C02B240F79E800B12321 /* SingleVideoTableViewCell.swift in Sources */ = {isa = PBXBuildFile; fileRef = 9868C029240F79E800B12321 /* SingleVideoTableViewCell.swift */; };
		9868C02C240F79E800B12321 /* SingleVideoTableViewCell.xib in Resources */ = {isa = PBXBuildFile; fileRef = 9868C02A240F79E800B12321 /* SingleVideoTableViewCell.xib */; };
		9868C02F240F7A1500B12321 /* MultipleMediaTableViewCell.swift in Sources */ = {isa = PBXBuildFile; fileRef = 9868C02D240F7A1500B12321 /* MultipleMediaTableViewCell.swift */; };
		9868C030240F7A1500B12321 /* MultipleMediaTableViewCell.xib in Resources */ = {isa = PBXBuildFile; fileRef = 9868C02E240F7A1500B12321 /* MultipleMediaTableViewCell.xib */; };
		9868C033240F7A3C00B12321 /* FeedBottomTableViewCell.swift in Sources */ = {isa = PBXBuildFile; fileRef = 9868C031240F7A3C00B12321 /* FeedBottomTableViewCell.swift */; };
		9868C034240F7A3C00B12321 /* FeedBottomTableViewCell.xib in Resources */ = {isa = PBXBuildFile; fileRef = 9868C032240F7A3C00B12321 /* FeedBottomTableViewCell.xib */; };
		9868C03B240F9C3F00B12321 /* FeedTopTableViewCellCoordinator.swift in Sources */ = {isa = PBXBuildFile; fileRef = 9868C03A240F9C3F00B12321 /* FeedTopTableViewCellCoordinator.swift */; };
		9868C03D240F9CED00B12321 /* FeedTitleTableViewCellCoordinator.swift in Sources */ = {isa = PBXBuildFile; fileRef = 9868C03C240F9CED00B12321 /* FeedTitleTableViewCellCoordinator.swift */; };
		9868C03F240F9CFD00B12321 /* FeedTextTableViewCellCoordinator.swift in Sources */ = {isa = PBXBuildFile; fileRef = 9868C03E240F9CFD00B12321 /* FeedTextTableViewCellCoordinator.swift */; };
		9868C041240F9D3900B12321 /* SingleImageTableViewCellCoordinator.swift in Sources */ = {isa = PBXBuildFile; fileRef = 9868C040240F9D3900B12321 /* SingleImageTableViewCellCoordinator.swift */; };
		9868C043240F9D4F00B12321 /* SingleVideoTableViewCellCoordinator.swift in Sources */ = {isa = PBXBuildFile; fileRef = 9868C042240F9D4F00B12321 /* SingleVideoTableViewCellCoordinator.swift */; };
		9868C045240F9D6C00B12321 /* MultipleMediaTableViewCellCoordinator.swift in Sources */ = {isa = PBXBuildFile; fileRef = 9868C044240F9D6C00B12321 /* MultipleMediaTableViewCellCoordinator.swift */; };
		9868C047240F9DCF00B12321 /* FeedBottomTableViewCellCoordinator.swift in Sources */ = {isa = PBXBuildFile; fileRef = 9868C046240F9DCF00B12321 /* FeedBottomTableViewCellCoordinator.swift */; };
		9868C04E240FE2F200B12321 /* FeedSectionFactory.swift in Sources */ = {isa = PBXBuildFile; fileRef = 9868C04D240FE2F200B12321 /* FeedSectionFactory.swift */; };
		9868C0512410086600B12321 /* FeedContentCoordinatorProtocol.swift in Sources */ = {isa = PBXBuildFile; fileRef = 9868C0502410086600B12321 /* FeedContentCoordinatorProtocol.swift */; };
		9868C05424101E0200B12321 /* UIView+Extension.swift in Sources */ = {isa = PBXBuildFile; fileRef = 9868C05324101E0200B12321 /* UIView+Extension.swift */; };
		9868C0572410315E00B12321 /* CommonFrameworkUtility.swift in Sources */ = {isa = PBXBuildFile; fileRef = 9868C0562410315E00B12321 /* CommonFrameworkUtility.swift */; };
		9868C0592410326300B12321 /* Date+ Extension.swift in Sources */ = {isa = PBXBuildFile; fileRef = 9868C0582410326300B12321 /* Date+ Extension.swift */; };
		9868C05C2410A7AA00B12321 /* CFFNetwrokRequestCoordinator.swift in Sources */ = {isa = PBXBuildFile; fileRef = 9868C05B2410A7AA00B12321 /* CFFNetwrokRequestCoordinator.swift */; };
		9868C0602410A8B600B12321 /* CFFMediaCoordinatorProtocol.swift in Sources */ = {isa = PBXBuildFile; fileRef = 9868C05F2410A8B600B12321 /* CFFMediaCoordinatorProtocol.swift */; };
		9868C0822410B13A00B12321 /* DummyFeedProvider.swift in Sources */ = {isa = PBXBuildFile; fileRef = 9868C0812410B13A00B12321 /* DummyFeedProvider.swift */; };
		9868C0842410B48D00B12321 /* Media.xcassets in Resources */ = {isa = PBXBuildFile; fileRef = 9868C0832410B48D00B12321 /* Media.xcassets */; };
		9868C08D2410B56100B12321 /* FeedsDetailViewController.swift in Sources */ = {isa = PBXBuildFile; fileRef = 9868C08B2410B56100B12321 /* FeedsDetailViewController.swift */; };
		9868C08E2410B56100B12321 /* FeedsDetailViewController.xib in Resources */ = {isa = PBXBuildFile; fileRef = 9868C08C2410B56100B12321 /* FeedsDetailViewController.xib */; };
		9868C0912410C19200B12321 /* Theme Related.swift in Sources */ = {isa = PBXBuildFile; fileRef = 9868C0902410C19200B12321 /* Theme Related.swift */; };
		9868C0932410D9E600B12321 /* UILabel + Extension.swift in Sources */ = {isa = PBXBuildFile; fileRef = 9868C0922410D9E600B12321 /* UILabel + Extension.swift */; };
		9868C0B5241205D400B12321 /* FeedsMediaCollectionCoordinator.swift in Sources */ = {isa = PBXBuildFile; fileRef = 9868C0B4241205D400B12321 /* FeedsMediaCollectionCoordinator.swift */; };
		9868C0B92412100B00B12321 /* MediaItemCollectionViewCell.swift in Sources */ = {isa = PBXBuildFile; fileRef = 9868C0B72412100B00B12321 /* MediaItemCollectionViewCell.swift */; };
		9868C0BA2412100B00B12321 /* MediaItemCollectionViewCell.xib in Resources */ = {isa = PBXBuildFile; fileRef = 9868C0B82412100B00B12321 /* MediaItemCollectionViewCell.xib */; };
		9868C0DC241241AB00B12321 /* ASChatBarview.swift in Sources */ = {isa = PBXBuildFile; fileRef = 9868C0DB241241AA00B12321 /* ASChatBarview.swift */; };
		9868C0E12412430700B12321 /* UIView+XibSetup.swift in Sources */ = {isa = PBXBuildFile; fileRef = 9868C0DF2412430700B12321 /* UIView+XibSetup.swift */; };
		9868C0E22412430700B12321 /* UITextView+NumberOfLines.swift in Sources */ = {isa = PBXBuildFile; fileRef = 9868C0E02412430700B12321 /* UITextView+NumberOfLines.swift */; };
		9868C0E42412434300B12321 /* ASChatBarview.xib in Resources */ = {isa = PBXBuildFile; fileRef = 9868C0E32412434300B12321 /* ASChatBarview.xib */; };
		9868C0E724125ACC00B12321 /* FeedDetailSectionFactory.swift in Sources */ = {isa = PBXBuildFile; fileRef = 9868C0E624125ACC00B12321 /* FeedDetailSectionFactory.swift */; };
		9868C0EA24125E1900B12321 /* ClappedByUser.swift in Sources */ = {isa = PBXBuildFile; fileRef = 9868C0E924125E1900B12321 /* ClappedByUser.swift */; };
		9868C0EC24125E2900B12321 /* FeedComment.swift in Sources */ = {isa = PBXBuildFile; fileRef = 9868C0EB24125E2900B12321 /* FeedComment.swift */; };
		9868C0F22419488000B12321 /* FeedCommentTableViewCell.swift in Sources */ = {isa = PBXBuildFile; fileRef = 9868C0F02419488000B12321 /* FeedCommentTableViewCell.swift */; };
		9868C0F32419488000B12321 /* FeedCommentTableViewCell.xib in Resources */ = {isa = PBXBuildFile; fileRef = 9868C0F12419488000B12321 /* FeedCommentTableViewCell.xib */; };
		9868C0F62419489300B12321 /* ClappedByTableViewCell.swift in Sources */ = {isa = PBXBuildFile; fileRef = 9868C0F42419489300B12321 /* ClappedByTableViewCell.swift */; };
		9868C0F72419489300B12321 /* ClappedByTableViewCell.xib in Resources */ = {isa = PBXBuildFile; fileRef = 9868C0F52419489300B12321 /* ClappedByTableViewCell.xib */; };
		9868C0F9241948B500B12321 /* FeedCommentTableViewCellCoordinator.swift in Sources */ = {isa = PBXBuildFile; fileRef = 9868C0F8241948B500B12321 /* FeedCommentTableViewCellCoordinator.swift */; };
		9868C0FB241948C800B12321 /* ClappedByTableViewCellCoordinator.swift in Sources */ = {isa = PBXBuildFile; fileRef = 9868C0FA241948C800B12321 /* ClappedByTableViewCellCoordinator.swift */; };
		9868C0FF2419EB2D00B12321 /* FeedsComposerDrawer.swift in Sources */ = {isa = PBXBuildFile; fileRef = 9868C0FD2419EB2D00B12321 /* FeedsComposerDrawer.swift */; };
		9868C1002419EB2D00B12321 /* FeedsComposerDrawer.xib in Resources */ = {isa = PBXBuildFile; fileRef = 9868C0FE2419EB2D00B12321 /* FeedsComposerDrawer.xib */; };
		9868C1032419EDCD00B12321 /* SlideInPresentationManager.swift in Sources */ = {isa = PBXBuildFile; fileRef = 9868C1022419EDCD00B12321 /* SlideInPresentationManager.swift */; };
		9868C1052419F25700B12321 /* UIApplication+Extension.swift in Sources */ = {isa = PBXBuildFile; fileRef = 9868C1042419F25700B12321 /* UIApplication+Extension.swift */; };
		9868C1082419F2F500B12321 /* ErrorDisplayer.swift in Sources */ = {isa = PBXBuildFile; fileRef = 9868C1072419F2F500B12321 /* ErrorDisplayer.swift */; };
		9868C10B2419F37C00B12321 /* SlideInPresentationController.swift in Sources */ = {isa = PBXBuildFile; fileRef = 9868C1092419F37C00B12321 /* SlideInPresentationController.swift */; };
		9868C10C2419F37C00B12321 /* SlideInPresentationAnimator.swift in Sources */ = {isa = PBXBuildFile; fileRef = 9868C10A2419F37C00B12321 /* SlideInPresentationAnimator.swift */; };
		9868C1102419F95500B12321 /* FeedComposerCoordinator.swift in Sources */ = {isa = PBXBuildFile; fileRef = 9868C10F2419F95500B12321 /* FeedComposerCoordinator.swift */; };
		98B02F9F241A449600CB8690 /* KMPlaceholderTextView.swift in Sources */ = {isa = PBXBuildFile; fileRef = 98B02F9E241A449600CB8690 /* KMPlaceholderTextView.swift */; };
		98B02FB6241A50DA00CB8690 /* AssetGridViewController.strings in Resources */ = {isa = PBXBuildFile; fileRef = 98B02FA3241A50DA00CB8690 /* AssetGridViewController.strings */; };
		98B02FB7241A50DA00CB8690 /* GridViewCell.xib in Resources */ = {isa = PBXBuildFile; fileRef = 98B02FA6241A50DA00CB8690 /* GridViewCell.xib */; };
		98B02FB8241A50DA00CB8690 /* GridViewCell.swift in Sources */ = {isa = PBXBuildFile; fileRef = 98B02FA7241A50DA00CB8690 /* GridViewCell.swift */; };
		98B02FB9241A50DA00CB8690 /* AssetGridViewController.xib in Resources */ = {isa = PBXBuildFile; fileRef = 98B02FA8241A50DA00CB8690 /* AssetGridViewController.xib */; };
		98B02FBA241A50DA00CB8690 /* AssetGridViewController.swift in Sources */ = {isa = PBXBuildFile; fileRef = 98B02FAA241A50DA00CB8690 /* AssetGridViewController.swift */; };
		98B02FBB241A50DA00CB8690 /* GroupsViewController.strings in Resources */ = {isa = PBXBuildFile; fileRef = 98B02FAD241A50DA00CB8690 /* GroupsViewController.strings */; };
		98B02FBC241A50DA00CB8690 /* GroupCell.xib in Resources */ = {isa = PBXBuildFile; fileRef = 98B02FB0241A50DA00CB8690 /* GroupCell.xib */; };
		98B02FBD241A50DA00CB8690 /* GroupCell.swift in Sources */ = {isa = PBXBuildFile; fileRef = 98B02FB1241A50DA00CB8690 /* GroupCell.swift */; };
		98B02FBE241A50DA00CB8690 /* GroupsViewController.xib in Resources */ = {isa = PBXBuildFile; fileRef = 98B02FB2241A50DA00CB8690 /* GroupsViewController.xib */; };
		98B02FBF241A50DA00CB8690 /* GroupsViewController.swift in Sources */ = {isa = PBXBuildFile; fileRef = 98B02FB4241A50DA00CB8690 /* GroupsViewController.swift */; };
		98B02FC2241A663700CB8690 /* EditablePost.swift in Sources */ = {isa = PBXBuildFile; fileRef = 98B02FC1241A663700CB8690 /* EditablePost.swift */; };
		98B02FC6241A776800CB8690 /* LocalMediaManager.swift in Sources */ = {isa = PBXBuildFile; fileRef = 98B02FC5241A776800CB8690 /* LocalMediaManager.swift */; };
		98B90DE4240CACD90013E9D2 /* CommonFunctionalityFramework.h in Headers */ = {isa = PBXBuildFile; fileRef = 98B90DE2240CACD90013E9D2 /* CommonFunctionalityFramework.h */; settings = {ATTRIBUTES = (Public, ); }; };
		98B90E1A240CAD010013E9D2 /* FeedsViewController.swift in Sources */ = {isa = PBXBuildFile; fileRef = 98B90E07240CAD010013E9D2 /* FeedsViewController.swift */; };
		98B90E1B240CAD010013E9D2 /* FeedsViewController.xib in Resources */ = {isa = PBXBuildFile; fileRef = 98B90E08240CAD010013E9D2 /* FeedsViewController.xib */; };
		98B90E1C240CAD010013E9D2 /* FeedsCoordinator.swift in Sources */ = {isa = PBXBuildFile; fileRef = 98B90E09240CAD010013E9D2 /* FeedsCoordinator.swift */; };
		98BC8A0E241A1775007C175D /* FeedEditorTitleTableViewCell.swift in Sources */ = {isa = PBXBuildFile; fileRef = 98BC8A0C241A1775007C175D /* FeedEditorTitleTableViewCell.swift */; };
		98BC8A0F241A1775007C175D /* FeedEditorTitleTableViewCell.xib in Resources */ = {isa = PBXBuildFile; fileRef = 98BC8A0D241A1775007C175D /* FeedEditorTitleTableViewCell.xib */; };
		98BC8A14241A1797007C175D /* FeedEditorDescriptionTableViewCell.swift in Sources */ = {isa = PBXBuildFile; fileRef = 98BC8A12241A1797007C175D /* FeedEditorDescriptionTableViewCell.swift */; };
		98BC8A15241A1797007C175D /* FeedEditorDescriptionTableViewCell.xib in Resources */ = {isa = PBXBuildFile; fileRef = 98BC8A13241A1797007C175D /* FeedEditorDescriptionTableViewCell.xib */; };
		98BC8A1E241A19DE007C175D /* PostEditorCellFactory.swift in Sources */ = {isa = PBXBuildFile; fileRef = 98BC8A1D241A19DE007C175D /* PostEditorCellFactory.swift */; };
		98BC8A20241A1C46007C175D /* FeedEditorTitleTableViewCellCoordinator.swift in Sources */ = {isa = PBXBuildFile; fileRef = 98BC8A1F241A1C46007C175D /* FeedEditorTitleTableViewCellCoordinator.swift */; };
		98BC8A22241A1C56007C175D /* FeedEditorDescriptionTableViewCellCoordinator.swift in Sources */ = {isa = PBXBuildFile; fileRef = 98BC8A21241A1C56007C175D /* FeedEditorDescriptionTableViewCellCoordinator.swift */; };
		98BC8A24241A1C6A007C175D /* FeedEditorAttachedMediaTableViewCellCoordinator.swift in Sources */ = {isa = PBXBuildFile; fileRef = 98BC8A23241A1C6A007C175D /* FeedEditorAttachedMediaTableViewCellCoordinator.swift */; };
/* End PBXBuildFile section */

/* Begin PBXFileReference section */
		9811DCFE241A82F8003B91FD /* FeedEditorLocalMediaCollectionCoordinator.swift */ = {isa = PBXFileReference; lastKnownFileType = sourcecode.swift; path = FeedEditorLocalMediaCollectionCoordinator.swift; sourceTree = "<group>"; };
		9811DD01241A885F003B91FD /* PostCoordinator.swift */ = {isa = PBXFileReference; lastKnownFileType = sourcecode.swift; path = PostCoordinator.swift; sourceTree = "<group>"; };
		9811DD04241A9ECB003B91FD /* BlockButton.swift */ = {isa = PBXFileReference; fileEncoding = 4; lastKnownFileType = sourcecode.swift; path = BlockButton.swift; sourceTree = "<group>"; };
		9811DD15241AB3B2003B91FD /* APIRequestModel.swift */ = {isa = PBXFileReference; fileEncoding = 4; lastKnownFileType = sourcecode.swift; path = APIRequestModel.swift; sourceTree = "<group>"; };
		9811DD16241AB3B2003B91FD /* APIWorker.swift */ = {isa = PBXFileReference; fileEncoding = 4; lastKnownFileType = sourcecode.swift; path = APIWorker.swift; sourceTree = "<group>"; };
		9811DD17241AB3B2003B91FD /* URLGenerator.swift */ = {isa = PBXFileReference; fileEncoding = 4; lastKnownFileType = sourcecode.swift; path = URLGenerator.swift; sourceTree = "<group>"; };
		9811DD18241AB3B2003B91FD /* UnauthorizedHandler.swift */ = {isa = PBXFileReference; fileEncoding = 4; lastKnownFileType = sourcecode.swift; path = UnauthorizedHandler.swift; sourceTree = "<group>"; };
		9811DD51241AC5E5003B91FD /* UIDevice+Extension.swift */ = {isa = PBXFileReference; lastKnownFileType = sourcecode.swift; path = "UIDevice+Extension.swift"; sourceTree = "<group>"; };
		9811DD54241AC860003B91FD /* FeedFetcher.swift */ = {isa = PBXFileReference; lastKnownFileType = sourcecode.swift; path = FeedFetcher.swift; sourceTree = "<group>"; };
		983500EC2419FDA0009084D4 /* PostEditorViewController.swift */ = {isa = PBXFileReference; lastKnownFileType = sourcecode.swift; path = PostEditorViewController.swift; sourceTree = "<group>"; };
		983500ED2419FDA0009084D4 /* PostEditorViewController.xib */ = {isa = PBXFileReference; lastKnownFileType = file.xib; path = PostEditorViewController.xib; sourceTree = "<group>"; };
		983500F02419FDB1009084D4 /* PollEditorViewController.swift */ = {isa = PBXFileReference; lastKnownFileType = sourcecode.swift; path = PollEditorViewController.swift; sourceTree = "<group>"; };
		983500F12419FDB1009084D4 /* PollEditorViewController.xib */ = {isa = PBXFileReference; lastKnownFileType = file.xib; path = PollEditorViewController.xib; sourceTree = "<group>"; };
		983500F5241A0041009084D4 /* EditorContainerProtocol.swift */ = {isa = PBXFileReference; lastKnownFileType = sourcecode.swift; path = EditorContainerProtocol.swift; sourceTree = "<group>"; };
		9868BFEE240EA5CB00B12321 /* FeedsItemProtocol.swift */ = {isa = PBXFileReference; lastKnownFileType = sourcecode.swift; path = FeedsItemProtocol.swift; sourceTree = "<group>"; };
		9868BFF4240EAFCE00B12321 /* CommonCellCoordinatorProtocol.swift */ = {isa = PBXFileReference; lastKnownFileType = sourcecode.swift; path = CommonCellCoordinatorProtocol.swift; sourceTree = "<group>"; };
		9868BFF6240EC2FB00B12321 /* CommonTableCollection.swift */ = {isa = PBXFileReference; lastKnownFileType = sourcecode.swift; path = CommonTableCollection.swift; sourceTree = "<group>"; };
		9868BFFF240F585900B12321 /* Feeds.swift */ = {isa = PBXFileReference; lastKnownFileType = sourcecode.swift; path = Feeds.swift; sourceTree = "<group>"; };
		9868C004240F660300B12321 /* CommonCellFactory.swift */ = {isa = PBXFileReference; lastKnownFileType = sourcecode.swift; path = CommonCellFactory.swift; sourceTree = "<group>"; };
		9868C010240F778100B12321 /* FeedTopTableViewCell.swift */ = {isa = PBXFileReference; lastKnownFileType = sourcecode.swift; path = FeedTopTableViewCell.swift; sourceTree = "<group>"; };
		9868C011240F778100B12321 /* FeedTopTableViewCell.xib */ = {isa = PBXFileReference; lastKnownFileType = file.xib; path = FeedTopTableViewCell.xib; sourceTree = "<group>"; };
		9868C014240F786600B12321 /* FeedTitleTableViewCell.swift */ = {isa = PBXFileReference; lastKnownFileType = sourcecode.swift; path = FeedTitleTableViewCell.swift; sourceTree = "<group>"; };
		9868C015240F786600B12321 /* FeedTitleTableViewCell.xib */ = {isa = PBXFileReference; lastKnownFileType = file.xib; path = FeedTitleTableViewCell.xib; sourceTree = "<group>"; };
		9868C018240F78E500B12321 /* FeedTextTableViewCell.swift */ = {isa = PBXFileReference; lastKnownFileType = sourcecode.swift; path = FeedTextTableViewCell.swift; sourceTree = "<group>"; };
		9868C019240F78E500B12321 /* FeedTextTableViewCell.xib */ = {isa = PBXFileReference; lastKnownFileType = file.xib; path = FeedTextTableViewCell.xib; sourceTree = "<group>"; };
		9868C025240F799200B12321 /* SingleImageTableViewCell.swift */ = {isa = PBXFileReference; lastKnownFileType = sourcecode.swift; path = SingleImageTableViewCell.swift; sourceTree = "<group>"; };
		9868C026240F799200B12321 /* SingleImageTableViewCell.xib */ = {isa = PBXFileReference; lastKnownFileType = file.xib; path = SingleImageTableViewCell.xib; sourceTree = "<group>"; };
		9868C029240F79E800B12321 /* SingleVideoTableViewCell.swift */ = {isa = PBXFileReference; lastKnownFileType = sourcecode.swift; path = SingleVideoTableViewCell.swift; sourceTree = "<group>"; };
		9868C02A240F79E800B12321 /* SingleVideoTableViewCell.xib */ = {isa = PBXFileReference; lastKnownFileType = file.xib; path = SingleVideoTableViewCell.xib; sourceTree = "<group>"; };
		9868C02D240F7A1500B12321 /* MultipleMediaTableViewCell.swift */ = {isa = PBXFileReference; lastKnownFileType = sourcecode.swift; path = MultipleMediaTableViewCell.swift; sourceTree = "<group>"; };
		9868C02E240F7A1500B12321 /* MultipleMediaTableViewCell.xib */ = {isa = PBXFileReference; lastKnownFileType = file.xib; path = MultipleMediaTableViewCell.xib; sourceTree = "<group>"; };
		9868C031240F7A3C00B12321 /* FeedBottomTableViewCell.swift */ = {isa = PBXFileReference; lastKnownFileType = sourcecode.swift; path = FeedBottomTableViewCell.swift; sourceTree = "<group>"; };
		9868C032240F7A3C00B12321 /* FeedBottomTableViewCell.xib */ = {isa = PBXFileReference; lastKnownFileType = file.xib; path = FeedBottomTableViewCell.xib; sourceTree = "<group>"; };
		9868C03A240F9C3F00B12321 /* FeedTopTableViewCellCoordinator.swift */ = {isa = PBXFileReference; lastKnownFileType = sourcecode.swift; path = FeedTopTableViewCellCoordinator.swift; sourceTree = "<group>"; };
		9868C03C240F9CED00B12321 /* FeedTitleTableViewCellCoordinator.swift */ = {isa = PBXFileReference; lastKnownFileType = sourcecode.swift; path = FeedTitleTableViewCellCoordinator.swift; sourceTree = "<group>"; };
		9868C03E240F9CFD00B12321 /* FeedTextTableViewCellCoordinator.swift */ = {isa = PBXFileReference; lastKnownFileType = sourcecode.swift; path = FeedTextTableViewCellCoordinator.swift; sourceTree = "<group>"; };
		9868C040240F9D3900B12321 /* SingleImageTableViewCellCoordinator.swift */ = {isa = PBXFileReference; lastKnownFileType = sourcecode.swift; path = SingleImageTableViewCellCoordinator.swift; sourceTree = "<group>"; };
		9868C042240F9D4F00B12321 /* SingleVideoTableViewCellCoordinator.swift */ = {isa = PBXFileReference; lastKnownFileType = sourcecode.swift; path = SingleVideoTableViewCellCoordinator.swift; sourceTree = "<group>"; };
		9868C044240F9D6C00B12321 /* MultipleMediaTableViewCellCoordinator.swift */ = {isa = PBXFileReference; lastKnownFileType = sourcecode.swift; path = MultipleMediaTableViewCellCoordinator.swift; sourceTree = "<group>"; };
		9868C046240F9DCF00B12321 /* FeedBottomTableViewCellCoordinator.swift */ = {isa = PBXFileReference; lastKnownFileType = sourcecode.swift; path = FeedBottomTableViewCellCoordinator.swift; sourceTree = "<group>"; };
		9868C04D240FE2F200B12321 /* FeedSectionFactory.swift */ = {isa = PBXFileReference; lastKnownFileType = sourcecode.swift; path = FeedSectionFactory.swift; sourceTree = "<group>"; };
		9868C0502410086600B12321 /* FeedContentCoordinatorProtocol.swift */ = {isa = PBXFileReference; lastKnownFileType = sourcecode.swift; path = FeedContentCoordinatorProtocol.swift; sourceTree = "<group>"; };
		9868C05324101E0200B12321 /* UIView+Extension.swift */ = {isa = PBXFileReference; lastKnownFileType = sourcecode.swift; path = "UIView+Extension.swift"; sourceTree = "<group>"; };
		9868C0562410315E00B12321 /* CommonFrameworkUtility.swift */ = {isa = PBXFileReference; lastKnownFileType = sourcecode.swift; path = CommonFrameworkUtility.swift; sourceTree = "<group>"; };
		9868C0582410326300B12321 /* Date+ Extension.swift */ = {isa = PBXFileReference; lastKnownFileType = sourcecode.swift; path = "Date+ Extension.swift"; sourceTree = "<group>"; };
		9868C05B2410A7AA00B12321 /* CFFNetwrokRequestCoordinator.swift */ = {isa = PBXFileReference; lastKnownFileType = sourcecode.swift; path = CFFNetwrokRequestCoordinator.swift; sourceTree = "<group>"; };
		9868C05F2410A8B600B12321 /* CFFMediaCoordinatorProtocol.swift */ = {isa = PBXFileReference; lastKnownFileType = sourcecode.swift; path = CFFMediaCoordinatorProtocol.swift; sourceTree = "<group>"; };
		9868C0812410B13A00B12321 /* DummyFeedProvider.swift */ = {isa = PBXFileReference; lastKnownFileType = sourcecode.swift; path = DummyFeedProvider.swift; sourceTree = "<group>"; };
		9868C0832410B48D00B12321 /* Media.xcassets */ = {isa = PBXFileReference; lastKnownFileType = folder.assetcatalog; path = Media.xcassets; sourceTree = "<group>"; };
		9868C08B2410B56100B12321 /* FeedsDetailViewController.swift */ = {isa = PBXFileReference; lastKnownFileType = sourcecode.swift; path = FeedsDetailViewController.swift; sourceTree = "<group>"; };
		9868C08C2410B56100B12321 /* FeedsDetailViewController.xib */ = {isa = PBXFileReference; lastKnownFileType = file.xib; path = FeedsDetailViewController.xib; sourceTree = "<group>"; };
		9868C0902410C19200B12321 /* Theme Related.swift */ = {isa = PBXFileReference; lastKnownFileType = sourcecode.swift; path = "Theme Related.swift"; sourceTree = "<group>"; };
		9868C0922410D9E600B12321 /* UILabel + Extension.swift */ = {isa = PBXFileReference; lastKnownFileType = sourcecode.swift; path = "UILabel + Extension.swift"; sourceTree = "<group>"; };
		9868C0B4241205D400B12321 /* FeedsMediaCollectionCoordinator.swift */ = {isa = PBXFileReference; lastKnownFileType = sourcecode.swift; path = FeedsMediaCollectionCoordinator.swift; sourceTree = "<group>"; };
		9868C0B72412100B00B12321 /* MediaItemCollectionViewCell.swift */ = {isa = PBXFileReference; lastKnownFileType = sourcecode.swift; path = MediaItemCollectionViewCell.swift; sourceTree = "<group>"; };
		9868C0B82412100B00B12321 /* MediaItemCollectionViewCell.xib */ = {isa = PBXFileReference; lastKnownFileType = file.xib; path = MediaItemCollectionViewCell.xib; sourceTree = "<group>"; };
		9868C0DB241241AA00B12321 /* ASChatBarview.swift */ = {isa = PBXFileReference; lastKnownFileType = sourcecode.swift; path = ASChatBarview.swift; sourceTree = "<group>"; };
		9868C0DF2412430700B12321 /* UIView+XibSetup.swift */ = {isa = PBXFileReference; fileEncoding = 4; lastKnownFileType = sourcecode.swift; path = "UIView+XibSetup.swift"; sourceTree = "<group>"; };
		9868C0E02412430700B12321 /* UITextView+NumberOfLines.swift */ = {isa = PBXFileReference; fileEncoding = 4; lastKnownFileType = sourcecode.swift; path = "UITextView+NumberOfLines.swift"; sourceTree = "<group>"; };
		9868C0E32412434300B12321 /* ASChatBarview.xib */ = {isa = PBXFileReference; lastKnownFileType = file.xib; path = ASChatBarview.xib; sourceTree = "<group>"; };
		9868C0E624125ACC00B12321 /* FeedDetailSectionFactory.swift */ = {isa = PBXFileReference; lastKnownFileType = sourcecode.swift; path = FeedDetailSectionFactory.swift; sourceTree = "<group>"; };
		9868C0E924125E1900B12321 /* ClappedByUser.swift */ = {isa = PBXFileReference; lastKnownFileType = sourcecode.swift; path = ClappedByUser.swift; sourceTree = "<group>"; };
		9868C0EB24125E2900B12321 /* FeedComment.swift */ = {isa = PBXFileReference; lastKnownFileType = sourcecode.swift; path = FeedComment.swift; sourceTree = "<group>"; };
		9868C0F02419488000B12321 /* FeedCommentTableViewCell.swift */ = {isa = PBXFileReference; lastKnownFileType = sourcecode.swift; path = FeedCommentTableViewCell.swift; sourceTree = "<group>"; };
		9868C0F12419488000B12321 /* FeedCommentTableViewCell.xib */ = {isa = PBXFileReference; lastKnownFileType = file.xib; path = FeedCommentTableViewCell.xib; sourceTree = "<group>"; };
		9868C0F42419489300B12321 /* ClappedByTableViewCell.swift */ = {isa = PBXFileReference; lastKnownFileType = sourcecode.swift; path = ClappedByTableViewCell.swift; sourceTree = "<group>"; };
		9868C0F52419489300B12321 /* ClappedByTableViewCell.xib */ = {isa = PBXFileReference; lastKnownFileType = file.xib; path = ClappedByTableViewCell.xib; sourceTree = "<group>"; };
		9868C0F8241948B500B12321 /* FeedCommentTableViewCellCoordinator.swift */ = {isa = PBXFileReference; lastKnownFileType = sourcecode.swift; path = FeedCommentTableViewCellCoordinator.swift; sourceTree = "<group>"; };
		9868C0FA241948C800B12321 /* ClappedByTableViewCellCoordinator.swift */ = {isa = PBXFileReference; lastKnownFileType = sourcecode.swift; path = ClappedByTableViewCellCoordinator.swift; sourceTree = "<group>"; };
		9868C0FD2419EB2D00B12321 /* FeedsComposerDrawer.swift */ = {isa = PBXFileReference; lastKnownFileType = sourcecode.swift; path = FeedsComposerDrawer.swift; sourceTree = "<group>"; };
		9868C0FE2419EB2D00B12321 /* FeedsComposerDrawer.xib */ = {isa = PBXFileReference; lastKnownFileType = file.xib; path = FeedsComposerDrawer.xib; sourceTree = "<group>"; };
		9868C1022419EDCD00B12321 /* SlideInPresentationManager.swift */ = {isa = PBXFileReference; fileEncoding = 4; lastKnownFileType = sourcecode.swift; path = SlideInPresentationManager.swift; sourceTree = "<group>"; };
		9868C1042419F25700B12321 /* UIApplication+Extension.swift */ = {isa = PBXFileReference; lastKnownFileType = sourcecode.swift; path = "UIApplication+Extension.swift"; sourceTree = "<group>"; };
		9868C1072419F2F500B12321 /* ErrorDisplayer.swift */ = {isa = PBXFileReference; fileEncoding = 4; lastKnownFileType = sourcecode.swift; path = ErrorDisplayer.swift; sourceTree = "<group>"; };
		9868C1092419F37C00B12321 /* SlideInPresentationController.swift */ = {isa = PBXFileReference; fileEncoding = 4; lastKnownFileType = sourcecode.swift; path = SlideInPresentationController.swift; sourceTree = "<group>"; };
		9868C10A2419F37C00B12321 /* SlideInPresentationAnimator.swift */ = {isa = PBXFileReference; fileEncoding = 4; lastKnownFileType = sourcecode.swift; path = SlideInPresentationAnimator.swift; sourceTree = "<group>"; };
		9868C10F2419F95500B12321 /* FeedComposerCoordinator.swift */ = {isa = PBXFileReference; lastKnownFileType = sourcecode.swift; path = FeedComposerCoordinator.swift; sourceTree = "<group>"; };
		98B02F9E241A449600CB8690 /* KMPlaceholderTextView.swift */ = {isa = PBXFileReference; lastKnownFileType = sourcecode.swift; path = KMPlaceholderTextView.swift; sourceTree = "<group>"; };
		98B02FA4241A50DA00CB8690 /* zh-Hans */ = {isa = PBXFileReference; lastKnownFileType = text.plist.strings; name = "zh-Hans"; path = "zh-Hans.lproj/AssetGridViewController.strings"; sourceTree = "<group>"; };
		98B02FA6241A50DA00CB8690 /* GridViewCell.xib */ = {isa = PBXFileReference; fileEncoding = 4; lastKnownFileType = file.xib; path = GridViewCell.xib; sourceTree = "<group>"; };
		98B02FA7241A50DA00CB8690 /* GridViewCell.swift */ = {isa = PBXFileReference; fileEncoding = 4; lastKnownFileType = sourcecode.swift; path = GridViewCell.swift; sourceTree = "<group>"; };
		98B02FA9241A50DA00CB8690 /* Base */ = {isa = PBXFileReference; lastKnownFileType = file.xib; name = Base; path = Base.lproj/AssetGridViewController.xib; sourceTree = "<group>"; };
		98B02FAA241A50DA00CB8690 /* AssetGridViewController.swift */ = {isa = PBXFileReference; fileEncoding = 4; lastKnownFileType = sourcecode.swift; path = AssetGridViewController.swift; sourceTree = "<group>"; };
		98B02FAB241A50DA00CB8690 /* th */ = {isa = PBXFileReference; lastKnownFileType = text.plist.strings; name = th; path = th.lproj/AssetGridViewController.strings; sourceTree = "<group>"; };
		98B02FAE241A50DA00CB8690 /* zh-Hans */ = {isa = PBXFileReference; lastKnownFileType = text.plist.strings; name = "zh-Hans"; path = "zh-Hans.lproj/GroupsViewController.strings"; sourceTree = "<group>"; };
		98B02FB0241A50DA00CB8690 /* GroupCell.xib */ = {isa = PBXFileReference; fileEncoding = 4; lastKnownFileType = file.xib; path = GroupCell.xib; sourceTree = "<group>"; };
		98B02FB1241A50DA00CB8690 /* GroupCell.swift */ = {isa = PBXFileReference; fileEncoding = 4; lastKnownFileType = sourcecode.swift; path = GroupCell.swift; sourceTree = "<group>"; };
		98B02FB3241A50DA00CB8690 /* Base */ = {isa = PBXFileReference; lastKnownFileType = file.xib; name = Base; path = Base.lproj/GroupsViewController.xib; sourceTree = "<group>"; };
		98B02FB4241A50DA00CB8690 /* GroupsViewController.swift */ = {isa = PBXFileReference; fileEncoding = 4; lastKnownFileType = sourcecode.swift; path = GroupsViewController.swift; sourceTree = "<group>"; };
		98B02FB5241A50DA00CB8690 /* th */ = {isa = PBXFileReference; lastKnownFileType = text.plist.strings; name = th; path = th.lproj/GroupsViewController.strings; sourceTree = "<group>"; };
		98B02FC1241A663700CB8690 /* EditablePost.swift */ = {isa = PBXFileReference; lastKnownFileType = sourcecode.swift; path = EditablePost.swift; sourceTree = "<group>"; };
		98B02FC5241A776800CB8690 /* LocalMediaManager.swift */ = {isa = PBXFileReference; lastKnownFileType = sourcecode.swift; path = LocalMediaManager.swift; sourceTree = "<group>"; };
		98B90DDF240CACD90013E9D2 /* CommonFunctionalityFramework.framework */ = {isa = PBXFileReference; explicitFileType = wrapper.framework; includeInIndex = 0; path = CommonFunctionalityFramework.framework; sourceTree = BUILT_PRODUCTS_DIR; };
		98B90DE2240CACD90013E9D2 /* CommonFunctionalityFramework.h */ = {isa = PBXFileReference; lastKnownFileType = sourcecode.c.h; path = CommonFunctionalityFramework.h; sourceTree = "<group>"; };
		98B90DE3240CACD90013E9D2 /* Info.plist */ = {isa = PBXFileReference; lastKnownFileType = text.plist.xml; path = Info.plist; sourceTree = "<group>"; };
		98B90E07240CAD010013E9D2 /* FeedsViewController.swift */ = {isa = PBXFileReference; fileEncoding = 4; lastKnownFileType = sourcecode.swift; path = FeedsViewController.swift; sourceTree = "<group>"; };
		98B90E08240CAD010013E9D2 /* FeedsViewController.xib */ = {isa = PBXFileReference; fileEncoding = 4; lastKnownFileType = file.xib; path = FeedsViewController.xib; sourceTree = "<group>"; };
		98B90E09240CAD010013E9D2 /* FeedsCoordinator.swift */ = {isa = PBXFileReference; fileEncoding = 4; lastKnownFileType = sourcecode.swift; path = FeedsCoordinator.swift; sourceTree = "<group>"; };
		98BC8A0C241A1775007C175D /* FeedEditorTitleTableViewCell.swift */ = {isa = PBXFileReference; lastKnownFileType = sourcecode.swift; path = FeedEditorTitleTableViewCell.swift; sourceTree = "<group>"; };
		98BC8A0D241A1775007C175D /* FeedEditorTitleTableViewCell.xib */ = {isa = PBXFileReference; lastKnownFileType = file.xib; path = FeedEditorTitleTableViewCell.xib; sourceTree = "<group>"; };
		98BC8A12241A1797007C175D /* FeedEditorDescriptionTableViewCell.swift */ = {isa = PBXFileReference; lastKnownFileType = sourcecode.swift; path = FeedEditorDescriptionTableViewCell.swift; sourceTree = "<group>"; };
		98BC8A13241A1797007C175D /* FeedEditorDescriptionTableViewCell.xib */ = {isa = PBXFileReference; lastKnownFileType = file.xib; path = FeedEditorDescriptionTableViewCell.xib; sourceTree = "<group>"; };
		98BC8A1D241A19DE007C175D /* PostEditorCellFactory.swift */ = {isa = PBXFileReference; lastKnownFileType = sourcecode.swift; path = PostEditorCellFactory.swift; sourceTree = "<group>"; };
		98BC8A1F241A1C46007C175D /* FeedEditorTitleTableViewCellCoordinator.swift */ = {isa = PBXFileReference; lastKnownFileType = sourcecode.swift; path = FeedEditorTitleTableViewCellCoordinator.swift; sourceTree = "<group>"; };
		98BC8A21241A1C56007C175D /* FeedEditorDescriptionTableViewCellCoordinator.swift */ = {isa = PBXFileReference; lastKnownFileType = sourcecode.swift; path = FeedEditorDescriptionTableViewCellCoordinator.swift; sourceTree = "<group>"; };
		98BC8A23241A1C6A007C175D /* FeedEditorAttachedMediaTableViewCellCoordinator.swift */ = {isa = PBXFileReference; lastKnownFileType = sourcecode.swift; path = FeedEditorAttachedMediaTableViewCellCoordinator.swift; sourceTree = "<group>"; };
/* End PBXFileReference section */

/* Begin PBXFrameworksBuildPhase section */
		98B90DDC240CACD90013E9D2 /* Frameworks */ = {
			isa = PBXFrameworksBuildPhase;
			buildActionMask = 2147483647;
			files = (
			);
			runOnlyForDeploymentPostprocessing = 0;
		};
/* End PBXFrameworksBuildPhase section */

/* Begin PBXGroup section */
		9811DD00241A8847003B91FD /* PostCoordinator */ = {
			isa = PBXGroup;
			children = (
				9811DD01241A885F003B91FD /* PostCoordinator.swift */,
			);
			path = PostCoordinator;
			sourceTree = "<group>";
		};
		9811DD03241A9ECB003B91FD /* BlockButton */ = {
			isa = PBXGroup;
			children = (
				9811DD04241A9ECB003B91FD /* BlockButton.swift */,
			);
			path = BlockButton;
			sourceTree = "<group>";
		};
		9811DD13241AB3B2003B91FD /* Web Access Layer */ = {
			isa = PBXGroup;
			children = (
				9811DD14241AB3B2003B91FD /* Api Worker */,
			);
			path = "Web Access Layer";
			sourceTree = "<group>";
		};
		9811DD14241AB3B2003B91FD /* Api Worker */ = {
			isa = PBXGroup;
			children = (
				9811DD15241AB3B2003B91FD /* APIRequestModel.swift */,
				9811DD16241AB3B2003B91FD /* APIWorker.swift */,
				9811DD17241AB3B2003B91FD /* URLGenerator.swift */,
				9811DD18241AB3B2003B91FD /* UnauthorizedHandler.swift */,
			);
			path = "Api Worker";
			sourceTree = "<group>";
		};
		9811DD53241AC84D003B91FD /* Worker */ = {
			isa = PBXGroup;
			children = (
				9811DD54241AC860003B91FD /* FeedFetcher.swift */,
			);
			path = Worker;
			sourceTree = "<group>";
		};
		983500E92419FC75009084D4 /* Editor */ = {
			isa = PBXGroup;
			children = (
				983500EB2419FC87009084D4 /* Post Editor */,
				983500EA2419FC80009084D4 /* Poll Editor */,
			);
			path = Editor;
			sourceTree = "<group>";
		};
		983500EA2419FC80009084D4 /* Poll Editor */ = {
			isa = PBXGroup;
			children = (
				983500F02419FDB1009084D4 /* PollEditorViewController.swift */,
				983500F12419FDB1009084D4 /* PollEditorViewController.xib */,
			);
			path = "Poll Editor";
			sourceTree = "<group>";
		};
		983500EB2419FC87009084D4 /* Post Editor */ = {
			isa = PBXGroup;
			children = (
				9811DD00241A8847003B91FD /* PostCoordinator */,
				98B02FC0241A662900CB8690 /* model */,
				98BC8A1C241A19C9007C175D /* PostEditorCellFactory */,
				98BC8A0B241A171E007C175D /* Custom Cells */,
				983500EC2419FDA0009084D4 /* PostEditorViewController.swift */,
				983500ED2419FDA0009084D4 /* PostEditorViewController.xib */,
			);
			path = "Post Editor";
			sourceTree = "<group>";
		};
		983500F4241A0027009084D4 /* Editor Container */ = {
			isa = PBXGroup;
			children = (
				983500F5241A0041009084D4 /* EditorContainerProtocol.swift */,
			);
			path = "Editor Container";
			sourceTree = "<group>";
		};
		9868BFF3240EAFA800B12321 /* Common Collection */ = {
			isa = PBXGroup;
			children = (
				9868BFF4240EAFCE00B12321 /* CommonCellCoordinatorProtocol.swift */,
				9868BFF6240EC2FB00B12321 /* CommonTableCollection.swift */,
				9868C004240F660300B12321 /* CommonCellFactory.swift */,
			);
			path = "Common Collection";
			sourceTree = "<group>";
		};
		9868BFFE240F584500B12321 /* Models */ = {
			isa = PBXGroup;
			children = (
				9868BFEE240EA5CB00B12321 /* FeedsItemProtocol.swift */,
				9868BFFF240F585900B12321 /* Feeds.swift */,
			);
			path = Models;
			sourceTree = "<group>";
		};
		9868C00A240F76CB00B12321 /* Feed Top Cell */ = {
			isa = PBXGroup;
			children = (
				9868C010240F778100B12321 /* FeedTopTableViewCell.swift */,
				9868C011240F778100B12321 /* FeedTopTableViewCell.xib */,
				9868C03A240F9C3F00B12321 /* FeedTopTableViewCellCoordinator.swift */,
			);
			path = "Feed Top Cell";
			sourceTree = "<group>";
		};
		9868C00B240F76D700B12321 /* Feed Title Cell */ = {
			isa = PBXGroup;
			children = (
				9868C014240F786600B12321 /* FeedTitleTableViewCell.swift */,
				9868C015240F786600B12321 /* FeedTitleTableViewCell.xib */,
				9868C03C240F9CED00B12321 /* FeedTitleTableViewCellCoordinator.swift */,
			);
			path = "Feed Title Cell";
			sourceTree = "<group>";
		};
		9868C00C240F771000B12321 /* Feed Text Cell */ = {
			isa = PBXGroup;
			children = (
				9868C018240F78E500B12321 /* FeedTextTableViewCell.swift */,
				9868C03E240F9CFD00B12321 /* FeedTextTableViewCellCoordinator.swift */,
				9868C019240F78E500B12321 /* FeedTextTableViewCell.xib */,
			);
			path = "Feed Text Cell";
			sourceTree = "<group>";
		};
		9868C00D240F772700B12321 /* Feed Media Cell */ = {
			isa = PBXGroup;
			children = (
				9868C01E240F793600B12321 /* Multiple Media */,
				9868C01C240F792500B12321 /* Single Media */,
			);
			path = "Feed Media Cell";
			sourceTree = "<group>";
		};
		9868C00E240F773300B12321 /* Feed Bottom Cell */ = {
			isa = PBXGroup;
			children = (
				9868C031240F7A3C00B12321 /* FeedBottomTableViewCell.swift */,
				9868C046240F9DCF00B12321 /* FeedBottomTableViewCellCoordinator.swift */,
				9868C032240F7A3C00B12321 /* FeedBottomTableViewCell.xib */,
			);
			path = "Feed Bottom Cell";
			sourceTree = "<group>";
		};
		9868C00F240F774900B12321 /* Polls Cells */ = {
			isa = PBXGroup;
			children = (
			);
			path = "Polls Cells";
			sourceTree = "<group>";
		};
		9868C01C240F792500B12321 /* Single Media */ = {
			isa = PBXGroup;
			children = (
				9868C024240F797700B12321 /* Video */,
				9868C023240F797100B12321 /* Image */,
			);
			path = "Single Media";
			sourceTree = "<group>";
		};
		9868C01E240F793600B12321 /* Multiple Media */ = {
			isa = PBXGroup;
			children = (
				9868C0B3241205B400B12321 /* MediaCollectionCoordinator */,
				9868C02D240F7A1500B12321 /* MultipleMediaTableViewCell.swift */,
				9868C044240F9D6C00B12321 /* MultipleMediaTableViewCellCoordinator.swift */,
				9868C02E240F7A1500B12321 /* MultipleMediaTableViewCell.xib */,
			);
			path = "Multiple Media";
			sourceTree = "<group>";
		};
		9868C023240F797100B12321 /* Image */ = {
			isa = PBXGroup;
			children = (
				9868C025240F799200B12321 /* SingleImageTableViewCell.swift */,
				9868C040240F9D3900B12321 /* SingleImageTableViewCellCoordinator.swift */,
				9868C026240F799200B12321 /* SingleImageTableViewCell.xib */,
			);
			path = Image;
			sourceTree = "<group>";
		};
		9868C024240F797700B12321 /* Video */ = {
			isa = PBXGroup;
			children = (
				9868C029240F79E800B12321 /* SingleVideoTableViewCell.swift */,
				9868C042240F9D4F00B12321 /* SingleVideoTableViewCellCoordinator.swift */,
				9868C02A240F79E800B12321 /* SingleVideoTableViewCell.xib */,
			);
			path = Video;
			sourceTree = "<group>";
		};
		9868C04C240FE2D700B12321 /* FeedSectionFactory */ = {
			isa = PBXGroup;
			children = (
				9868C04F2410085D00B12321 /* FeedContentCoordinator */,
				9868C04D240FE2F200B12321 /* FeedSectionFactory.swift */,
			);
			path = FeedSectionFactory;
			sourceTree = "<group>";
		};
		9868C04F2410085D00B12321 /* FeedContentCoordinator */ = {
			isa = PBXGroup;
			children = (
				9868C0502410086600B12321 /* FeedContentCoordinatorProtocol.swift */,
			);
			path = FeedContentCoordinator;
			sourceTree = "<group>";
		};
		9868C05224101DF500B12321 /* Extensions */ = {
			isa = PBXGroup;
			children = (
				9868C05324101E0200B12321 /* UIView+Extension.swift */,
				9868C0582410326300B12321 /* Date+ Extension.swift */,
				9868C0922410D9E600B12321 /* UILabel + Extension.swift */,
				9868C1042419F25700B12321 /* UIApplication+Extension.swift */,
				9811DD51241AC5E5003B91FD /* UIDevice+Extension.swift */,
			);
			path = Extensions;
			sourceTree = "<group>";
		};
		9868C0552410313900B12321 /* Utitlities */ = {
			isa = PBXGroup;
			children = (
				9868C0562410315E00B12321 /* CommonFrameworkUtility.swift */,
			);
			path = Utitlities;
			sourceTree = "<group>";
		};
		9868C05A2410A78B00B12321 /* CFFNetwrokRequestCoordinator */ = {
			isa = PBXGroup;
			children = (
				9868C05B2410A7AA00B12321 /* CFFNetwrokRequestCoordinator.swift */,
			);
			path = CFFNetwrokRequestCoordinator;
			sourceTree = "<group>";
		};
		9868C05D2410A87D00B12321 /* Workers */ = {
			isa = PBXGroup;
			children = (
				9868C05E2410A88800B12321 /* CFFMediaCoordinator */,
				9868C05A2410A78B00B12321 /* CFFNetwrokRequestCoordinator */,
			);
			path = Workers;
			sourceTree = "<group>";
		};
		9868C05E2410A88800B12321 /* CFFMediaCoordinator */ = {
			isa = PBXGroup;
			children = (
				9868C05F2410A8B600B12321 /* CFFMediaCoordinatorProtocol.swift */,
			);
			path = CFFMediaCoordinator;
			sourceTree = "<group>";
		};
		9868C0862410B4C900B12321 /* FeedsDetailViewController */ = {
			isa = PBXGroup;
			children = (
				9868C0ED2419480100B12321 /* Custom Cell */,
				9868C0E824125E0F00B12321 /* models */,
				9868C0E524125AB900B12321 /* FeedDetailSectionFactory */,
				9868C08B2410B56100B12321 /* FeedsDetailViewController.swift */,
				9868C08C2410B56100B12321 /* FeedsDetailViewController.xib */,
			);
			path = FeedsDetailViewController;
			sourceTree = "<group>";
		};
		9868C08F2410C17B00B12321 /* Theme */ = {
			isa = PBXGroup;
			children = (
				9868C0902410C19200B12321 /* Theme Related.swift */,
			);
			path = Theme;
			sourceTree = "<group>";
		};
		9868C0B3241205B400B12321 /* MediaCollectionCoordinator */ = {
			isa = PBXGroup;
			children = (
				9868C0B62412077A00B12321 /* Custom Cell */,
				9868C0B4241205D400B12321 /* FeedsMediaCollectionCoordinator.swift */,
			);
			path = MediaCollectionCoordinator;
			sourceTree = "<group>";
		};
		9868C0B62412077A00B12321 /* Custom Cell */ = {
			isa = PBXGroup;
			children = (
				9868C0B72412100B00B12321 /* MediaItemCollectionViewCell.swift */,
				9868C0B82412100B00B12321 /* MediaItemCollectionViewCell.xib */,
			);
			path = "Custom Cell";
			sourceTree = "<group>";
		};
		9868C0DA2412417E00B12321 /* UI Components */ = {
			isa = PBXGroup;
			children = (
				9811DD03241A9ECB003B91FD /* BlockButton */,
				98B02FA1241A50DA00CB8690 /* Media Picker */,
				98B02F9D241A449000CB8690 /* KMPlaceholderTextView */,
				9868C0DD241242E400B12321 /* ASChatBarview */,
			);
			path = "UI Components";
			sourceTree = "<group>";
		};
		9868C0DD241242E400B12321 /* ASChatBarview */ = {
			isa = PBXGroup;
			children = (
				9868C0DE2412430700B12321 /* Extensions */,
				9868C0DB241241AA00B12321 /* ASChatBarview.swift */,
				9868C0E32412434300B12321 /* ASChatBarview.xib */,
			);
			path = ASChatBarview;
			sourceTree = "<group>";
		};
		9868C0DE2412430700B12321 /* Extensions */ = {
			isa = PBXGroup;
			children = (
				9868C0DF2412430700B12321 /* UIView+XibSetup.swift */,
				9868C0E02412430700B12321 /* UITextView+NumberOfLines.swift */,
			);
			path = Extensions;
			sourceTree = "<group>";
		};
		9868C0E524125AB900B12321 /* FeedDetailSectionFactory */ = {
			isa = PBXGroup;
			children = (
				9868C0E624125ACC00B12321 /* FeedDetailSectionFactory.swift */,
			);
			path = FeedDetailSectionFactory;
			sourceTree = "<group>";
		};
		9868C0E824125E0F00B12321 /* models */ = {
			isa = PBXGroup;
			children = (
				9868C0E924125E1900B12321 /* ClappedByUser.swift */,
				9868C0EB24125E2900B12321 /* FeedComment.swift */,
			);
			path = models;
			sourceTree = "<group>";
		};
		9868C0ED2419480100B12321 /* Custom Cell */ = {
			isa = PBXGroup;
			children = (
				9868C0EF2419485400B12321 /* FeedComment */,
				9868C0EE2419484000B12321 /* ClappedBy */,
			);
			path = "Custom Cell";
			sourceTree = "<group>";
		};
		9868C0EE2419484000B12321 /* ClappedBy */ = {
			isa = PBXGroup;
			children = (
				9868C0F42419489300B12321 /* ClappedByTableViewCell.swift */,
				9868C0F52419489300B12321 /* ClappedByTableViewCell.xib */,
				9868C0FA241948C800B12321 /* ClappedByTableViewCellCoordinator.swift */,
			);
			path = ClappedBy;
			sourceTree = "<group>";
		};
		9868C0EF2419485400B12321 /* FeedComment */ = {
			isa = PBXGroup;
			children = (
				9868C0F02419488000B12321 /* FeedCommentTableViewCell.swift */,
				9868C0F12419488000B12321 /* FeedCommentTableViewCell.xib */,
				9868C0F8241948B500B12321 /* FeedCommentTableViewCellCoordinator.swift */,
			);
			path = FeedComment;
			sourceTree = "<group>";
		};
		9868C0FC2419EAFC00B12321 /* FeedsComposerDrawer */ = {
			isa = PBXGroup;
			children = (
				9868C0FD2419EB2D00B12321 /* FeedsComposerDrawer.swift */,
				9868C0FE2419EB2D00B12321 /* FeedsComposerDrawer.xib */,
			);
			path = FeedsComposerDrawer;
			sourceTree = "<group>";
		};
		9868C1012419EDBC00B12321 /* SlideInPresentationManager */ = {
			isa = PBXGroup;
			children = (
				9868C10A2419F37C00B12321 /* SlideInPresentationAnimator.swift */,
				9868C1092419F37C00B12321 /* SlideInPresentationController.swift */,
				9868C1022419EDCD00B12321 /* SlideInPresentationManager.swift */,
			);
			path = SlideInPresentationManager;
			sourceTree = "<group>";
		};
		9868C1062419F2ED00B12321 /* ErrorDisplayer */ = {
			isa = PBXGroup;
			children = (
				9868C1072419F2F500B12321 /* ErrorDisplayer.swift */,
			);
			path = ErrorDisplayer;
			sourceTree = "<group>";
		};
		9868C10D2419F92900B12321 /* FeedComposerCoordinator */ = {
			isa = PBXGroup;
			children = (
				9868C10F2419F95500B12321 /* FeedComposerCoordinator.swift */,
			);
			path = FeedComposerCoordinator;
			sourceTree = "<group>";
		};
		9868C10E2419F94100B12321 /* Feed Composer */ = {
			isa = PBXGroup;
			children = (
				983500F4241A0027009084D4 /* Editor Container */,
				983500E92419FC75009084D4 /* Editor */,
				9868C0FC2419EAFC00B12321 /* FeedsComposerDrawer */,
				9868C10D2419F92900B12321 /* FeedComposerCoordinator */,
			);
			path = "Feed Composer";
			sourceTree = "<group>";
		};
		98B02F95241A2ACA00CB8690 /* multiple */ = {
			isa = PBXGroup;
			children = (
				98BC8A23241A1C6A007C175D /* FeedEditorAttachedMediaTableViewCellCoordinator.swift */,
				9811DCFE241A82F8003B91FD /* FeedEditorLocalMediaCollectionCoordinator.swift */,
			);
			path = multiple;
			sourceTree = "<group>";
		};
		98B02F9D241A449000CB8690 /* KMPlaceholderTextView */ = {
			isa = PBXGroup;
			children = (
				98B02F9E241A449600CB8690 /* KMPlaceholderTextView.swift */,
			);
			path = KMPlaceholderTextView;
			sourceTree = "<group>";
		};
		98B02FA1241A50DA00CB8690 /* Media Picker */ = {
			isa = PBXGroup;
			children = (
				98B02FA2241A50DA00CB8690 /* Asset Grid */,
				98B02FAC241A50DA00CB8690 /* Groups */,
			);
			path = "Media Picker";
			sourceTree = "<group>";
		};
		98B02FA2241A50DA00CB8690 /* Asset Grid */ = {
			isa = PBXGroup;
			children = (
				98B02FA3241A50DA00CB8690 /* AssetGridViewController.strings */,
				98B02FA5241A50DA00CB8690 /* Custom Cell */,
				98B02FAA241A50DA00CB8690 /* AssetGridViewController.swift */,
				98B02FA8241A50DA00CB8690 /* AssetGridViewController.xib */,
			);
			path = "Asset Grid";
			sourceTree = "<group>";
		};
		98B02FA5241A50DA00CB8690 /* Custom Cell */ = {
			isa = PBXGroup;
			children = (
				98B02FA6241A50DA00CB8690 /* GridViewCell.xib */,
				98B02FA7241A50DA00CB8690 /* GridViewCell.swift */,
			);
			path = "Custom Cell";
			sourceTree = "<group>";
		};
		98B02FAC241A50DA00CB8690 /* Groups */ = {
			isa = PBXGroup;
			children = (
				98B02FAD241A50DA00CB8690 /* GroupsViewController.strings */,
				98B02FAF241A50DA00CB8690 /* Custom Cell */,
				98B02FB2241A50DA00CB8690 /* GroupsViewController.xib */,
				98B02FB4241A50DA00CB8690 /* GroupsViewController.swift */,
			);
			path = Groups;
			sourceTree = "<group>";
		};
		98B02FAF241A50DA00CB8690 /* Custom Cell */ = {
			isa = PBXGroup;
			children = (
				98B02FB0241A50DA00CB8690 /* GroupCell.xib */,
				98B02FB1241A50DA00CB8690 /* GroupCell.swift */,
			);
			path = "Custom Cell";
			sourceTree = "<group>";
		};
		98B02FC0241A662900CB8690 /* model */ = {
			isa = PBXGroup;
			children = (
				98B02FC1241A663700CB8690 /* EditablePost.swift */,
			);
			path = model;
			sourceTree = "<group>";
		};
		98B02FC3241A772300CB8690 /* Reusable Components */ = {
			isa = PBXGroup;
			children = (
				9811DD13241AB3B2003B91FD /* Web Access Layer */,
				98B02FC4241A774000CB8690 /* LocalMediaManager */,
				9868C0DA2412417E00B12321 /* UI Components */,
				9868C1012419EDBC00B12321 /* SlideInPresentationManager */,
				9868C1062419F2ED00B12321 /* ErrorDisplayer */,
			);
			path = "Reusable Components";
			sourceTree = "<group>";
		};
		98B02FC4241A774000CB8690 /* LocalMediaManager */ = {
			isa = PBXGroup;
			children = (
				98B02FC5241A776800CB8690 /* LocalMediaManager.swift */,
			);
			path = LocalMediaManager;
			sourceTree = "<group>";
		};
		98B90DD5240CACD90013E9D2 = {
			isa = PBXGroup;
			children = (
				9868C0832410B48D00B12321 /* Media.xcassets */,
				98B90DE1240CACD90013E9D2 /* CommonFunctionalityFramework */,
				98B90DE0240CACD90013E9D2 /* Products */,
			);
			sourceTree = "<group>";
		};
		98B90DE0240CACD90013E9D2 /* Products */ = {
			isa = PBXGroup;
			children = (
				98B90DDF240CACD90013E9D2 /* CommonFunctionalityFramework.framework */,
			);
			name = Products;
			sourceTree = "<group>";
		};
		98B90DE1240CACD90013E9D2 /* CommonFunctionalityFramework */ = {
			isa = PBXGroup;
			children = (
				98B02FC3241A772300CB8690 /* Reusable Components */,
				9868C08F2410C17B00B12321 /* Theme */,
				9868C05D2410A87D00B12321 /* Workers */,
				9868C0552410313900B12321 /* Utitlities */,
				9868C05224101DF500B12321 /* Extensions */,
				9868BFF3240EAFA800B12321 /* Common Collection */,
				98B90DEA240CAD010013E9D2 /* Functionalities */,
				98B90DE2240CACD90013E9D2 /* CommonFunctionalityFramework.h */,
				98B90DE3240CACD90013E9D2 /* Info.plist */,
			);
			path = CommonFunctionalityFramework;
			sourceTree = "<group>";
		};
		98B90DEA240CAD010013E9D2 /* Functionalities */ = {
			isa = PBXGroup;
			children = (
				98B90DEB240CAD010013E9D2 /* Feeds */,
			);
			path = Functionalities;
			sourceTree = "<group>";
		};
		98B90DEB240CAD010013E9D2 /* Feeds */ = {
			isa = PBXGroup;
			children = (
				9868C10E2419F94100B12321 /* Feed Composer */,
				9868C0862410B4C900B12321 /* FeedsDetailViewController */,
				98B90DEC240CAD010013E9D2 /* FeedsViewController */,
				98B90E09240CAD010013E9D2 /* FeedsCoordinator.swift */,
			);
			path = Feeds;
			sourceTree = "<group>";
		};
		98B90DEC240CAD010013E9D2 /* FeedsViewController */ = {
			isa = PBXGroup;
			children = (
				9811DD53241AC84D003B91FD /* Worker */,
				9868C04C240FE2D700B12321 /* FeedSectionFactory */,
				9868BFFE240F584500B12321 /* Models */,
				98B90DED240CAD010013E9D2 /* Custom Cells */,
				98B90E07240CAD010013E9D2 /* FeedsViewController.swift */,
				98B90E08240CAD010013E9D2 /* FeedsViewController.xib */,
				9868C0812410B13A00B12321 /* DummyFeedProvider.swift */,
			);
			path = FeedsViewController;
			sourceTree = "<group>";
		};
		98B90DED240CAD010013E9D2 /* Custom Cells */ = {
			isa = PBXGroup;
			children = (
				9868C00F240F774900B12321 /* Polls Cells */,
				9868C00E240F773300B12321 /* Feed Bottom Cell */,
				9868C00D240F772700B12321 /* Feed Media Cell */,
				9868C00C240F771000B12321 /* Feed Text Cell */,
				9868C00B240F76D700B12321 /* Feed Title Cell */,
				9868C00A240F76CB00B12321 /* Feed Top Cell */,
			);
			path = "Custom Cells";
			sourceTree = "<group>";
		};
		98BC8A0B241A171E007C175D /* Custom Cells */ = {
			isa = PBXGroup;
			children = (
				98BC8A1B241A17C5007C175D /* attached document */,
				98BC8A16241A179D007C175D /* attached media */,
				98BC8A11241A1783007C175D /* description */,
				98BC8A10241A177A007C175D /* title */,
			);
			path = "Custom Cells";
			sourceTree = "<group>";
		};
		98BC8A10241A177A007C175D /* title */ = {
			isa = PBXGroup;
			children = (
				98BC8A0C241A1775007C175D /* FeedEditorTitleTableViewCell.swift */,
				98BC8A0D241A1775007C175D /* FeedEditorTitleTableViewCell.xib */,
				98BC8A1F241A1C46007C175D /* FeedEditorTitleTableViewCellCoordinator.swift */,
			);
			path = title;
			sourceTree = "<group>";
		};
		98BC8A11241A1783007C175D /* description */ = {
			isa = PBXGroup;
			children = (
				98BC8A12241A1797007C175D /* FeedEditorDescriptionTableViewCell.swift */,
				98BC8A13241A1797007C175D /* FeedEditorDescriptionTableViewCell.xib */,
				98BC8A21241A1C56007C175D /* FeedEditorDescriptionTableViewCellCoordinator.swift */,
			);
			path = description;
			sourceTree = "<group>";
		};
		98BC8A16241A179D007C175D /* attached media */ = {
			isa = PBXGroup;
			children = (
				98B02F95241A2ACA00CB8690 /* multiple */,
			);
			path = "attached media";
			sourceTree = "<group>";
		};
		98BC8A1B241A17C5007C175D /* attached document */ = {
			isa = PBXGroup;
			children = (
			);
			path = "attached document";
			sourceTree = "<group>";
		};
		98BC8A1C241A19C9007C175D /* PostEditorCellFactory */ = {
			isa = PBXGroup;
			children = (
				98BC8A1D241A19DE007C175D /* PostEditorCellFactory.swift */,
			);
			path = PostEditorCellFactory;
			sourceTree = "<group>";
		};
/* End PBXGroup section */

/* Begin PBXHeadersBuildPhase section */
		98B90DDA240CACD90013E9D2 /* Headers */ = {
			isa = PBXHeadersBuildPhase;
			buildActionMask = 2147483647;
			files = (
				98B90DE4240CACD90013E9D2 /* CommonFunctionalityFramework.h in Headers */,
			);
			runOnlyForDeploymentPostprocessing = 0;
		};
/* End PBXHeadersBuildPhase section */

/* Begin PBXNativeTarget section */
		98B90DDE240CACD90013E9D2 /* CommonFunctionalityFramework */ = {
			isa = PBXNativeTarget;
			buildConfigurationList = 98B90DE7240CACD90013E9D2 /* Build configuration list for PBXNativeTarget "CommonFunctionalityFramework" */;
			buildPhases = (
				98B90DDA240CACD90013E9D2 /* Headers */,
				98B90DDB240CACD90013E9D2 /* Sources */,
				98B90DDC240CACD90013E9D2 /* Frameworks */,
				98B90DDD240CACD90013E9D2 /* Resources */,
			);
			buildRules = (
			);
			dependencies = (
			);
			name = CommonFunctionalityFramework;
			productName = CommonFunctionalityFramework;
			productReference = 98B90DDF240CACD90013E9D2 /* CommonFunctionalityFramework.framework */;
			productType = "com.apple.product-type.framework";
		};
/* End PBXNativeTarget section */

/* Begin PBXProject section */
		98B90DD6240CACD90013E9D2 /* Project object */ = {
			isa = PBXProject;
			attributes = {
				LastUpgradeCheck = 1100;
				ORGANIZATIONNAME = Rewardz;
				TargetAttributes = {
					98B90DDE240CACD90013E9D2 = {
						CreatedOnToolsVersion = 11.0;
					};
				};
			};
			buildConfigurationList = 98B90DD9240CACD90013E9D2 /* Build configuration list for PBXProject "CommonFunctionalityFramework" */;
			compatibilityVersion = "Xcode 9.3";
			developmentRegion = en;
			hasScannedForEncodings = 0;
			knownRegions = (
				en,
				Base,
				"zh-Hans",
				th,
			);
			mainGroup = 98B90DD5240CACD90013E9D2;
			productRefGroup = 98B90DE0240CACD90013E9D2 /* Products */;
			projectDirPath = "";
			projectRoot = "";
			targets = (
				98B90DDE240CACD90013E9D2 /* CommonFunctionalityFramework */,
			);
		};
/* End PBXProject section */

/* Begin PBXResourcesBuildPhase section */
		98B90DDD240CACD90013E9D2 /* Resources */ = {
			isa = PBXResourcesBuildPhase;
			buildActionMask = 2147483647;
			files = (
				9868C013240F778100B12321 /* FeedTopTableViewCell.xib in Resources */,
				9868C0F72419489300B12321 /* ClappedByTableViewCell.xib in Resources */,
				9868C02C240F79E800B12321 /* SingleVideoTableViewCell.xib in Resources */,
				9868C034240F7A3C00B12321 /* FeedBottomTableViewCell.xib in Resources */,
				9868C028240F799200B12321 /* SingleImageTableViewCell.xib in Resources */,
				98B02FB7241A50DA00CB8690 /* GridViewCell.xib in Resources */,
				9868C0E42412434300B12321 /* ASChatBarview.xib in Resources */,
				98B02FBE241A50DA00CB8690 /* GroupsViewController.xib in Resources */,
				9868C08E2410B56100B12321 /* FeedsDetailViewController.xib in Resources */,
				9868C01B240F78E500B12321 /* FeedTextTableViewCell.xib in Resources */,
				98B02FB6241A50DA00CB8690 /* AssetGridViewController.strings in Resources */,
				9868C030240F7A1500B12321 /* MultipleMediaTableViewCell.xib in Resources */,
				98B90E1B240CAD010013E9D2 /* FeedsViewController.xib in Resources */,
				98B02FBB241A50DA00CB8690 /* GroupsViewController.strings in Resources */,
				9868C0842410B48D00B12321 /* Media.xcassets in Resources */,
				9868C017240F786600B12321 /* FeedTitleTableViewCell.xib in Resources */,
				98BC8A0F241A1775007C175D /* FeedEditorTitleTableViewCell.xib in Resources */,
				9868C1002419EB2D00B12321 /* FeedsComposerDrawer.xib in Resources */,
				9868C0BA2412100B00B12321 /* MediaItemCollectionViewCell.xib in Resources */,
				983500F32419FDB1009084D4 /* PollEditorViewController.xib in Resources */,
				98B02FBC241A50DA00CB8690 /* GroupCell.xib in Resources */,
				9868C0F32419488000B12321 /* FeedCommentTableViewCell.xib in Resources */,
				98B02FB9241A50DA00CB8690 /* AssetGridViewController.xib in Resources */,
				983500EF2419FDA0009084D4 /* PostEditorViewController.xib in Resources */,
				98BC8A15241A1797007C175D /* FeedEditorDescriptionTableViewCell.xib in Resources */,
			);
			runOnlyForDeploymentPostprocessing = 0;
		};
/* End PBXResourcesBuildPhase section */

/* Begin PBXSourcesBuildPhase section */
		98B90DDB240CACD90013E9D2 /* Sources */ = {
			isa = PBXSourcesBuildPhase;
			buildActionMask = 2147483647;
			files = (
				9868C04E240FE2F200B12321 /* FeedSectionFactory.swift in Sources */,
				9868C0EA24125E1900B12321 /* ClappedByUser.swift in Sources */,
				9868C0FF2419EB2D00B12321 /* FeedsComposerDrawer.swift in Sources */,
				9868C016240F786600B12321 /* FeedTitleTableViewCell.swift in Sources */,
				9868C10C2419F37C00B12321 /* SlideInPresentationAnimator.swift in Sources */,
				98B02FC2241A663700CB8690 /* EditablePost.swift in Sources */,
				9868C1082419F2F500B12321 /* ErrorDisplayer.swift in Sources */,
				98B02FB8241A50DA00CB8690 /* GridViewCell.swift in Sources */,
				9868C0DC241241AB00B12321 /* ASChatBarview.swift in Sources */,
				9868C0912410C19200B12321 /* Theme Related.swift in Sources */,
				9868C0B5241205D400B12321 /* FeedsMediaCollectionCoordinator.swift in Sources */,
				9868C0F62419489300B12321 /* ClappedByTableViewCell.swift in Sources */,
				9868C05424101E0200B12321 /* UIView+Extension.swift in Sources */,
				983500EE2419FDA0009084D4 /* PostEditorViewController.swift in Sources */,
				983500F6241A0041009084D4 /* EditorContainerProtocol.swift in Sources */,
				9868C0572410315E00B12321 /* CommonFrameworkUtility.swift in Sources */,
				9868C02F240F7A1500B12321 /* MultipleMediaTableViewCell.swift in Sources */,
				9868C0932410D9E600B12321 /* UILabel + Extension.swift in Sources */,
				9868C05C2410A7AA00B12321 /* CFFNetwrokRequestCoordinator.swift in Sources */,
				9868C012240F778100B12321 /* FeedTopTableViewCell.swift in Sources */,
				9811DD1A241AB3B2003B91FD /* APIRequestModel.swift in Sources */,
				9868C0FB241948C800B12321 /* ClappedByTableViewCellCoordinator.swift in Sources */,
				9811DD1B241AB3B2003B91FD /* APIWorker.swift in Sources */,
				98B02FC6241A776800CB8690 /* LocalMediaManager.swift in Sources */,
				9868C1032419EDCD00B12321 /* SlideInPresentationManager.swift in Sources */,
				9868C0592410326300B12321 /* Date+ Extension.swift in Sources */,
				9868C047240F9DCF00B12321 /* FeedBottomTableViewCellCoordinator.swift in Sources */,
				9868C005240F660300B12321 /* CommonCellFactory.swift in Sources */,
				9868C0512410086600B12321 /* FeedContentCoordinatorProtocol.swift in Sources */,
				98BC8A22241A1C56007C175D /* FeedEditorDescriptionTableViewCellCoordinator.swift in Sources */,
				9868BFF7240EC2FB00B12321 /* CommonTableCollection.swift in Sources */,
				98BC8A0E241A1775007C175D /* FeedEditorTitleTableViewCell.swift in Sources */,
				9868C033240F7A3C00B12321 /* FeedBottomTableViewCell.swift in Sources */,
				9868C1102419F95500B12321 /* FeedComposerCoordinator.swift in Sources */,
				9868C0EC24125E2900B12321 /* FeedComment.swift in Sources */,
				9868C0E12412430700B12321 /* UIView+XibSetup.swift in Sources */,
				9811DD1D241AB3B2003B91FD /* UnauthorizedHandler.swift in Sources */,
				98BC8A24241A1C6A007C175D /* FeedEditorAttachedMediaTableViewCellCoordinator.swift in Sources */,
				9868C043240F9D4F00B12321 /* SingleVideoTableViewCellCoordinator.swift in Sources */,
				9868C03B240F9C3F00B12321 /* FeedTopTableViewCellCoordinator.swift in Sources */,
				9868C08D2410B56100B12321 /* FeedsDetailViewController.swift in Sources */,
				9868C10B2419F37C00B12321 /* SlideInPresentationController.swift in Sources */,
				98B90E1C240CAD010013E9D2 /* FeedsCoordinator.swift in Sources */,
				9811DD52241AC5E5003B91FD /* UIDevice+Extension.swift in Sources */,
				9868C045240F9D6C00B12321 /* MultipleMediaTableViewCellCoordinator.swift in Sources */,
				9811DD05241A9ECB003B91FD /* BlockButton.swift in Sources */,
				9868C0F9241948B500B12321 /* FeedCommentTableViewCellCoordinator.swift in Sources */,
				9868C027240F799200B12321 /* SingleImageTableViewCell.swift in Sources */,
				98B90E1A240CAD010013E9D2 /* FeedsViewController.swift in Sources */,
				9811DD02241A885F003B91FD /* PostCoordinator.swift in Sources */,
				9868C0F22419488000B12321 /* FeedCommentTableViewCell.swift in Sources */,
				98B02FBA241A50DA00CB8690 /* AssetGridViewController.swift in Sources */,
				9868C0602410A8B600B12321 /* CFFMediaCoordinatorProtocol.swift in Sources */,
				9868C1052419F25700B12321 /* UIApplication+Extension.swift in Sources */,
				983500F22419FDB1009084D4 /* PollEditorViewController.swift in Sources */,
				9811DD1C241AB3B2003B91FD /* URLGenerator.swift in Sources */,
				9811DCFF241A82F8003B91FD /* FeedEditorLocalMediaCollectionCoordinator.swift in Sources */,
				9868C03F240F9CFD00B12321 /* FeedTextTableViewCellCoordinator.swift in Sources */,
				9868C0822410B13A00B12321 /* DummyFeedProvider.swift in Sources */,
				98B02F9F241A449600CB8690 /* KMPlaceholderTextView.swift in Sources */,
				98BC8A14241A1797007C175D /* FeedEditorDescriptionTableViewCell.swift in Sources */,
				9868C02B240F79E800B12321 /* SingleVideoTableViewCell.swift in Sources */,
				9868C0E22412430700B12321 /* UITextView+NumberOfLines.swift in Sources */,
				9868C03D240F9CED00B12321 /* FeedTitleTableViewCellCoordinator.swift in Sources */,
				98B02FBD241A50DA00CB8690 /* GroupCell.swift in Sources */,
				9868BFEF240EA5CB00B12321 /* FeedsItemProtocol.swift in Sources */,
				98BC8A20241A1C46007C175D /* FeedEditorTitleTableViewCellCoordinator.swift in Sources */,
				9868BFF5240EAFCE00B12321 /* CommonCellCoordinatorProtocol.swift in Sources */,
				98BC8A1E241A19DE007C175D /* PostEditorCellFactory.swift in Sources */,
				9868C0E724125ACC00B12321 /* FeedDetailSectionFactory.swift in Sources */,
				9868C0B92412100B00B12321 /* MediaItemCollectionViewCell.swift in Sources */,
				98B02FBF241A50DA00CB8690 /* GroupsViewController.swift in Sources */,
				9868C01A240F78E500B12321 /* FeedTextTableViewCell.swift in Sources */,
				9811DD55241AC860003B91FD /* FeedFetcher.swift in Sources */,
				9868C000240F585900B12321 /* Feeds.swift in Sources */,
				9868C041240F9D3900B12321 /* SingleImageTableViewCellCoordinator.swift in Sources */,
			);
			runOnlyForDeploymentPostprocessing = 0;
		};
/* End PBXSourcesBuildPhase section */

/* Begin PBXVariantGroup section */
		98B02FA3241A50DA00CB8690 /* AssetGridViewController.strings */ = {
			isa = PBXVariantGroup;
			children = (
				98B02FA4241A50DA00CB8690 /* zh-Hans */,
				98B02FAB241A50DA00CB8690 /* th */,
			);
			name = AssetGridViewController.strings;
			sourceTree = "<group>";
		};
		98B02FA8241A50DA00CB8690 /* AssetGridViewController.xib */ = {
			isa = PBXVariantGroup;
			children = (
				98B02FA9241A50DA00CB8690 /* Base */,
			);
			name = AssetGridViewController.xib;
			sourceTree = "<group>";
		};
		98B02FAD241A50DA00CB8690 /* GroupsViewController.strings */ = {
			isa = PBXVariantGroup;
			children = (
				98B02FAE241A50DA00CB8690 /* zh-Hans */,
				98B02FB5241A50DA00CB8690 /* th */,
			);
			name = GroupsViewController.strings;
			sourceTree = "<group>";
		};
		98B02FB2241A50DA00CB8690 /* GroupsViewController.xib */ = {
			isa = PBXVariantGroup;
			children = (
				98B02FB3241A50DA00CB8690 /* Base */,
			);
			name = GroupsViewController.xib;
			sourceTree = "<group>";
		};
/* End PBXVariantGroup section */

/* Begin XCBuildConfiguration section */
		98B90DE5240CACD90013E9D2 /* Debug */ = {
			isa = XCBuildConfiguration;
			buildSettings = {
				ALWAYS_SEARCH_USER_PATHS = NO;
				CLANG_ANALYZER_NONNULL = YES;
				CLANG_ANALYZER_NUMBER_OBJECT_CONVERSION = YES_AGGRESSIVE;
				CLANG_CXX_LANGUAGE_STANDARD = "gnu++14";
				CLANG_CXX_LIBRARY = "libc++";
				CLANG_ENABLE_MODULES = YES;
				CLANG_ENABLE_OBJC_ARC = YES;
				CLANG_ENABLE_OBJC_WEAK = YES;
				CLANG_WARN_BLOCK_CAPTURE_AUTORELEASING = YES;
				CLANG_WARN_BOOL_CONVERSION = YES;
				CLANG_WARN_COMMA = YES;
				CLANG_WARN_CONSTANT_CONVERSION = YES;
				CLANG_WARN_DEPRECATED_OBJC_IMPLEMENTATIONS = YES;
				CLANG_WARN_DIRECT_OBJC_ISA_USAGE = YES_ERROR;
				CLANG_WARN_DOCUMENTATION_COMMENTS = YES;
				CLANG_WARN_EMPTY_BODY = YES;
				CLANG_WARN_ENUM_CONVERSION = YES;
				CLANG_WARN_INFINITE_RECURSION = YES;
				CLANG_WARN_INT_CONVERSION = YES;
				CLANG_WARN_NON_LITERAL_NULL_CONVERSION = YES;
				CLANG_WARN_OBJC_IMPLICIT_RETAIN_SELF = YES;
				CLANG_WARN_OBJC_LITERAL_CONVERSION = YES;
				CLANG_WARN_OBJC_ROOT_CLASS = YES_ERROR;
				CLANG_WARN_RANGE_LOOP_ANALYSIS = YES;
				CLANG_WARN_STRICT_PROTOTYPES = YES;
				CLANG_WARN_SUSPICIOUS_MOVE = YES;
				CLANG_WARN_UNGUARDED_AVAILABILITY = YES_AGGRESSIVE;
				CLANG_WARN_UNREACHABLE_CODE = YES;
				CLANG_WARN__DUPLICATE_METHOD_MATCH = YES;
				COPY_PHASE_STRIP = NO;
				CURRENT_PROJECT_VERSION = 1;
				DEBUG_INFORMATION_FORMAT = dwarf;
				ENABLE_STRICT_OBJC_MSGSEND = YES;
				ENABLE_TESTABILITY = YES;
				GCC_C_LANGUAGE_STANDARD = gnu11;
				GCC_DYNAMIC_NO_PIC = NO;
				GCC_NO_COMMON_BLOCKS = YES;
				GCC_OPTIMIZATION_LEVEL = 0;
				GCC_PREPROCESSOR_DEFINITIONS = (
					"DEBUG=1",
					"$(inherited)",
				);
				GCC_WARN_64_TO_32_BIT_CONVERSION = YES;
				GCC_WARN_ABOUT_RETURN_TYPE = YES_ERROR;
				GCC_WARN_UNDECLARED_SELECTOR = YES;
				GCC_WARN_UNINITIALIZED_AUTOS = YES_AGGRESSIVE;
				GCC_WARN_UNUSED_FUNCTION = YES;
				GCC_WARN_UNUSED_VARIABLE = YES;
				IPHONEOS_DEPLOYMENT_TARGET = 13.0;
				MTL_ENABLE_DEBUG_INFO = INCLUDE_SOURCE;
				MTL_FAST_MATH = YES;
				ONLY_ACTIVE_ARCH = YES;
				SDKROOT = iphoneos;
				SWIFT_ACTIVE_COMPILATION_CONDITIONS = DEBUG;
				SWIFT_OPTIMIZATION_LEVEL = "-Onone";
				VERSIONING_SYSTEM = "apple-generic";
				VERSION_INFO_PREFIX = "";
			};
			name = Debug;
		};
		98B90DE6240CACD90013E9D2 /* Release */ = {
			isa = XCBuildConfiguration;
			buildSettings = {
				ALWAYS_SEARCH_USER_PATHS = NO;
				CLANG_ANALYZER_NONNULL = YES;
				CLANG_ANALYZER_NUMBER_OBJECT_CONVERSION = YES_AGGRESSIVE;
				CLANG_CXX_LANGUAGE_STANDARD = "gnu++14";
				CLANG_CXX_LIBRARY = "libc++";
				CLANG_ENABLE_MODULES = YES;
				CLANG_ENABLE_OBJC_ARC = YES;
				CLANG_ENABLE_OBJC_WEAK = YES;
				CLANG_WARN_BLOCK_CAPTURE_AUTORELEASING = YES;
				CLANG_WARN_BOOL_CONVERSION = YES;
				CLANG_WARN_COMMA = YES;
				CLANG_WARN_CONSTANT_CONVERSION = YES;
				CLANG_WARN_DEPRECATED_OBJC_IMPLEMENTATIONS = YES;
				CLANG_WARN_DIRECT_OBJC_ISA_USAGE = YES_ERROR;
				CLANG_WARN_DOCUMENTATION_COMMENTS = YES;
				CLANG_WARN_EMPTY_BODY = YES;
				CLANG_WARN_ENUM_CONVERSION = YES;
				CLANG_WARN_INFINITE_RECURSION = YES;
				CLANG_WARN_INT_CONVERSION = YES;
				CLANG_WARN_NON_LITERAL_NULL_CONVERSION = YES;
				CLANG_WARN_OBJC_IMPLICIT_RETAIN_SELF = YES;
				CLANG_WARN_OBJC_LITERAL_CONVERSION = YES;
				CLANG_WARN_OBJC_ROOT_CLASS = YES_ERROR;
				CLANG_WARN_RANGE_LOOP_ANALYSIS = YES;
				CLANG_WARN_STRICT_PROTOTYPES = YES;
				CLANG_WARN_SUSPICIOUS_MOVE = YES;
				CLANG_WARN_UNGUARDED_AVAILABILITY = YES_AGGRESSIVE;
				CLANG_WARN_UNREACHABLE_CODE = YES;
				CLANG_WARN__DUPLICATE_METHOD_MATCH = YES;
				COPY_PHASE_STRIP = NO;
				CURRENT_PROJECT_VERSION = 1;
				DEBUG_INFORMATION_FORMAT = "dwarf-with-dsym";
				ENABLE_NS_ASSERTIONS = NO;
				ENABLE_STRICT_OBJC_MSGSEND = YES;
				GCC_C_LANGUAGE_STANDARD = gnu11;
				GCC_NO_COMMON_BLOCKS = YES;
				GCC_WARN_64_TO_32_BIT_CONVERSION = YES;
				GCC_WARN_ABOUT_RETURN_TYPE = YES_ERROR;
				GCC_WARN_UNDECLARED_SELECTOR = YES;
				GCC_WARN_UNINITIALIZED_AUTOS = YES_AGGRESSIVE;
				GCC_WARN_UNUSED_FUNCTION = YES;
				GCC_WARN_UNUSED_VARIABLE = YES;
				IPHONEOS_DEPLOYMENT_TARGET = 13.0;
				MTL_ENABLE_DEBUG_INFO = NO;
				MTL_FAST_MATH = YES;
				SDKROOT = iphoneos;
				SWIFT_COMPILATION_MODE = wholemodule;
				SWIFT_OPTIMIZATION_LEVEL = "-O";
				VALIDATE_PRODUCT = YES;
				VERSIONING_SYSTEM = "apple-generic";
				VERSION_INFO_PREFIX = "";
			};
			name = Release;
		};
		98B90DE8240CACD90013E9D2 /* Debug */ = {
			isa = XCBuildConfiguration;
			buildSettings = {
				CODE_SIGN_STYLE = Automatic;
				DEFINES_MODULE = YES;
				DYLIB_COMPATIBILITY_VERSION = 1;
				DYLIB_CURRENT_VERSION = 1;
				DYLIB_INSTALL_NAME_BASE = "@rpath";
				INFOPLIST_FILE = CommonFunctionalityFramework/Info.plist;
				INSTALL_PATH = "$(LOCAL_LIBRARY_DIR)/Frameworks";
				IPHONEOS_DEPLOYMENT_TARGET = 10.0;
				LD_RUNPATH_SEARCH_PATHS = (
					"$(inherited)",
					"@executable_path/Frameworks",
					"@loader_path/Frameworks",
				);
				PRODUCT_BUNDLE_IDENTIFIER = "com.rewardz.-CommonFunctionalityFramework.CommonFunctionalityFramework";
				PRODUCT_NAME = "$(TARGET_NAME:c99extidentifier)";
				SKIP_INSTALL = YES;
				SWIFT_VERSION = 5.0;
				TARGETED_DEVICE_FAMILY = "1,2";
			};
			name = Debug;
		};
		98B90DE9240CACD90013E9D2 /* Release */ = {
			isa = XCBuildConfiguration;
			buildSettings = {
				CODE_SIGN_STYLE = Automatic;
				DEFINES_MODULE = YES;
				DYLIB_COMPATIBILITY_VERSION = 1;
				DYLIB_CURRENT_VERSION = 1;
				DYLIB_INSTALL_NAME_BASE = "@rpath";
				INFOPLIST_FILE = CommonFunctionalityFramework/Info.plist;
				INSTALL_PATH = "$(LOCAL_LIBRARY_DIR)/Frameworks";
				IPHONEOS_DEPLOYMENT_TARGET = 10.0;
				LD_RUNPATH_SEARCH_PATHS = (
					"$(inherited)",
					"@executable_path/Frameworks",
					"@loader_path/Frameworks",
				);
				PRODUCT_BUNDLE_IDENTIFIER = "com.rewardz.-CommonFunctionalityFramework.CommonFunctionalityFramework";
				PRODUCT_NAME = "$(TARGET_NAME:c99extidentifier)";
				SKIP_INSTALL = YES;
				SWIFT_VERSION = 5.0;
				TARGETED_DEVICE_FAMILY = "1,2";
			};
			name = Release;
		};
/* End XCBuildConfiguration section */

/* Begin XCConfigurationList section */
		98B90DD9240CACD90013E9D2 /* Build configuration list for PBXProject "CommonFunctionalityFramework" */ = {
			isa = XCConfigurationList;
			buildConfigurations = (
				98B90DE5240CACD90013E9D2 /* Debug */,
				98B90DE6240CACD90013E9D2 /* Release */,
			);
			defaultConfigurationIsVisible = 0;
			defaultConfigurationName = Release;
		};
		98B90DE7240CACD90013E9D2 /* Build configuration list for PBXNativeTarget "CommonFunctionalityFramework" */ = {
			isa = XCConfigurationList;
			buildConfigurations = (
				98B90DE8240CACD90013E9D2 /* Debug */,
				98B90DE9240CACD90013E9D2 /* Release */,
			);
			defaultConfigurationIsVisible = 0;
			defaultConfigurationName = Release;
		};
/* End XCConfigurationList section */
	};
	rootObject = 98B90DD6240CACD90013E9D2 /* Project object */;
}
